PODS:
  - Flutter (1.0.0)
  - PhoneNumberKit (3.3.4):
    - PhoneNumberKit/PhoneNumberKitCore (= 3.3.4)
    - PhoneNumberKit/UIKit (= 3.3.4)
  - PhoneNumberKit/PhoneNumberKitCore (3.3.4)
  - PhoneNumberKit/UIKit (3.3.4):
    - PhoneNumberKit/PhoneNumberKitCore

DEPENDENCIES:
  - Flutter (from `Flutter`)
  - PhoneNumberKit (~> 3.3.4)

SPEC REPOS:
  trunk:
    - PhoneNumberKit

EXTERNAL SOURCES:
  Flutter:
    :path: Flutter

SPEC CHECKSUMS:
  Flutter: e0871f40cf51350855a761d2e70bf5af5b9b5de7
  PhoneNumberKit: 441e8b26ec88d598e3591de9061eff18f5dd12e8

PODFILE CHECKSUM: 65dee7ef69a84849fc6d932c5667ff09ef1dfe96

COCOAPODS: 1.15.2
